// !$*UTF8*$!
{
	archiveVersion = 1;
	classes = {
	};
	objectVersion = 46;
	objects = {

/* Begin PBXBuildFile section */
		970723531C92E691002F74E9 /* LoginViewController.m in Sources */ = {isa = PBXBuildFile; fileRef = 970723521C92E691002F74E9 /* LoginViewController.m */; };
		970952C31C920A4F00FFDADD /* main.m in Sources */ = {isa = PBXBuildFile; fileRef = 970952C21C920A4F00FFDADD /* main.m */; };
		970952C61C920A4F00FFDADD /* AppDelegate.m in Sources */ = {isa = PBXBuildFile; fileRef = 970952C51C920A4F00FFDADD /* AppDelegate.m */; };
		970952C91C920A4F00FFDADD /* ViewController.m in Sources */ = {isa = PBXBuildFile; fileRef = 970952C81C920A4F00FFDADD /* ViewController.m */; };
		970952CC1C920A4F00FFDADD /* Main.storyboard in Resources */ = {isa = PBXBuildFile; fileRef = 970952CA1C920A4F00FFDADD /* Main.storyboard */; };
		970952CE1C920A4F00FFDADD /* Assets.xcassets in Resources */ = {isa = PBXBuildFile; fileRef = 970952CD1C920A4F00FFDADD /* Assets.xcassets */; };
		970952D11C920A4F00FFDADD /* LaunchScreen.storyboard in Resources */ = {isa = PBXBuildFile; fileRef = 970952CF1C920A4F00FFDADD /* LaunchScreen.storyboard */; };
		971B59E81C92754A00BDBF49 /* GitRepoObject.m in Sources */ = {isa = PBXBuildFile; fileRef = 971B59E71C92754A00BDBF49 /* GitRepoObject.m */; };
		971B59EB1C92783000BDBF49 /* WebViewController.m in Sources */ = {isa = PBXBuildFile; fileRef = 971B59EA1C92783000BDBF49 /* WebViewController.m */; };
		971B59EE1C927C0D00BDBF49 /* GitRepoCell.m in Sources */ = {isa = PBXBuildFile; fileRef = 971B59ED1C927C0D00BDBF49 /* GitRepoCell.m */; };
/* End PBXBuildFile section */

/* Begin PBXFileReference section */
		970723511C92E691002F74E9 /* LoginViewController.h */ = {isa = PBXFileReference; fileEncoding = 4; lastKnownFileType = sourcecode.c.h; path = LoginViewController.h; sourceTree = "<group>"; };
		970723521C92E691002F74E9 /* LoginViewController.m */ = {isa = PBXFileReference; fileEncoding = 4; lastKnownFileType = sourcecode.c.objc; path = LoginViewController.m; sourceTree = "<group>"; };
		970952BE1C920A4F00FFDADD /* GitHubRepoSearch.app */ = {isa = PBXFileReference; explicitFileType = wrapper.application; includeInIndex = 0; path = GitHubRepoSearch.app; sourceTree = BUILT_PRODUCTS_DIR; };
		970952C21C920A4F00FFDADD /* main.m */ = {isa = PBXFileReference; lastKnownFileType = sourcecode.c.objc; path = main.m; sourceTree = "<group>"; };
		970952C41C920A4F00FFDADD /* AppDelegate.h */ = {isa = PBXFileReference; lastKnownFileType = sourcecode.c.h; path = AppDelegate.h; sourceTree = "<group>"; };
		970952C51C920A4F00FFDADD /* AppDelegate.m */ = {isa = PBXFileReference; lastKnownFileType = sourcecode.c.objc; path = AppDelegate.m; sourceTree = "<group>"; };
		970952C71C920A4F00FFDADD /* ViewController.h */ = {isa = PBXFileReference; lastKnownFileType = sourcecode.c.h; path = ViewController.h; sourceTree = "<group>"; };
		970952C81C920A4F00FFDADD /* ViewController.m */ = {isa = PBXFileReference; lastKnownFileType = sourcecode.c.objc; path = ViewController.m; sourceTree = "<group>"; };
		970952CB1C920A4F00FFDADD /* Base */ = {isa = PBXFileReference; lastKnownFileType = file.storyboard; name = Base; path = Base.lproj/Main.storyboard; sourceTree = "<group>"; };
		970952CD1C920A4F00FFDADD /* Assets.xcassets */ = {isa = PBXFileReference; lastKnownFileType = folder.assetcatalog; path = Assets.xcassets; sourceTree = "<group>"; };
		970952D01C920A4F00FFDADD /* Base */ = {isa = PBXFileReference; lastKnownFileType = file.storyboard; name = Base; path = Base.lproj/LaunchScreen.storyboard; sourceTree = "<group>"; };
		970952D21C920A4F00FFDADD /* Info.plist */ = {isa = PBXFileReference; lastKnownFileType = text.plist.xml; path = Info.plist; sourceTree = "<group>"; };
		971B59E61C92754A00BDBF49 /* GitRepoObject.h */ = {isa = PBXFileReference; fileEncoding = 4; lastKnownFileType = sourcecode.c.h; path = GitRepoObject.h; sourceTree = "<group>"; };
		971B59E71C92754A00BDBF49 /* GitRepoObject.m */ = {isa = PBXFileReference; fileEncoding = 4; lastKnownFileType = sourcecode.c.objc; path = GitRepoObject.m; sourceTree = "<group>"; };
		971B59E91C92783000BDBF49 /* WebViewController.h */ = {isa = PBXFileReference; fileEncoding = 4; lastKnownFileType = sourcecode.c.h; path = WebViewController.h; sourceTree = "<group>"; };
		971B59EA1C92783000BDBF49 /* WebViewController.m */ = {isa = PBXFileReference; fileEncoding = 4; lastKnownFileType = sourcecode.c.objc; path = WebViewController.m; sourceTree = "<group>"; };
		971B59EC1C927C0D00BDBF49 /* GitRepoCell.h */ = {isa = PBXFileReference; fileEncoding = 4; lastKnownFileType = sourcecode.c.h; path = GitRepoCell.h; sourceTree = "<group>"; };
		971B59ED1C927C0D00BDBF49 /* GitRepoCell.m */ = {isa = PBXFileReference; fileEncoding = 4; lastKnownFileType = sourcecode.c.objc; path = GitRepoCell.m; sourceTree = "<group>"; };
		9792534B1C92CB8600C7A8AB /* Defines.h */ = {isa = PBXFileReference; lastKnownFileType = sourcecode.c.h; path = Defines.h; sourceTree = "<group>"; };
/* End PBXFileReference section */

/* Begin PBXFrameworksBuildPhase section */
		970952BB1C920A4F00FFDADD /* Frameworks */ = {
			isa = PBXFrameworksBuildPhase;
			buildActionMask = 2147483647;
			files = (
			);
			runOnlyForDeploymentPostprocessing = 0;
		};
/* End PBXFrameworksBuildPhase section */

/* Begin PBXGroup section */
		970952B51C920A4F00FFDADD = {
			isa = PBXGroup;
			children = (
				970952C01C920A4F00FFDADD /* GitHubRepoSearch */,
				970952BF1C920A4F00FFDADD /* Products */,
			);
			sourceTree = "<group>";
		};
		970952BF1C920A4F00FFDADD /* Products */ = {
			isa = PBXGroup;
			children = (
				970952BE1C920A4F00FFDADD /* GitHubRepoSearch.app */,
			);
			name = Products;
			sourceTree = "<group>";
		};
		970952C01C920A4F00FFDADD /* GitHubRepoSearch */ = {
			isa = PBXGroup;
			children = (
				9792534B1C92CB8600C7A8AB /* Defines.h */,
				970952C41C920A4F00FFDADD /* AppDelegate.h */,
				970952C51C920A4F00FFDADD /* AppDelegate.m */,
				970952C71C920A4F00FFDADD /* ViewController.h */,
				970952C81C920A4F00FFDADD /* ViewController.m */,
				970723511C92E691002F74E9 /* LoginViewController.h */,
				970723521C92E691002F74E9 /* LoginViewController.m */,
				971B59E91C92783000BDBF49 /* WebViewController.h */,
				971B59EA1C92783000BDBF49 /* WebViewController.m */,
				971B59E61C92754A00BDBF49 /* GitRepoObject.h */,
				971B59E71C92754A00BDBF49 /* GitRepoObject.m */,
				971B59EC1C927C0D00BDBF49 /* GitRepoCell.h */,
				971B59ED1C927C0D00BDBF49 /* GitRepoCell.m */,
				970952CA1C920A4F00FFDADD /* Main.storyboard */,
				970952CD1C920A4F00FFDADD /* Assets.xcassets */,
				970952CF1C920A4F00FFDADD /* LaunchScreen.storyboard */,
				970952D21C920A4F00FFDADD /* Info.plist */,
				970952C11C920A4F00FFDADD /* Supporting Files */,
			);
			path = GitHubRepoSearch;
			sourceTree = "<group>";
		};
		970952C11C920A4F00FFDADD /* Supporting Files */ = {
			isa = PBXGroup;
			children = (
				970952C21C920A4F00FFDADD /* main.m */,
			);
			name = "Supporting Files";
			sourceTree = "<group>";
		};
/* End PBXGroup section */

/* Begin PBXNativeTarget section */
		970952BD1C920A4F00FFDADD /* GitHubRepoSearch */ = {
			isa = PBXNativeTarget;
			buildConfigurationList = 970952D51C920A4F00FFDADD /* Build configuration list for PBXNativeTarget "GitHubRepoSearch" */;
			buildPhases = (
				970952BA1C920A4F00FFDADD /* Sources */,
				970952BB1C920A4F00FFDADD /* Frameworks */,
				970952BC1C920A4F00FFDADD /* Resources */,
			);
			buildRules = (
			);
			dependencies = (
			);
			name = GitHubRepoSearch;
			productName = GitHubRepoSearch;
			productReference = 970952BE1C920A4F00FFDADD /* GitHubRepoSearch.app */;
			productType = "com.apple.product-type.application";
		};
/* End PBXNativeTarget section */

/* Begin PBXProject section */
		970952B61C920A4F00FFDADD /* Project object */ = {
			isa = PBXProject;
			attributes = {
				LastUpgradeCheck = 0710;
				ORGANIZATIONNAME = "Ilone Labs";
				TargetAttributes = {
					970952BD1C920A4F00FFDADD = {
						CreatedOnToolsVersion = 7.1.1;
					};
				};
			};
			buildConfigurationList = 970952B91C920A4F00FFDADD /* Build configuration list for PBXProject "GitHubRepoSearch" */;
			compatibilityVersion = "Xcode 3.2";
			developmentRegion = English;
			hasScannedForEncodings = 0;
			knownRegions = (
				en,
				Base,
			);
			mainGroup = 970952B51C920A4F00FFDADD;
			productRefGroup = 970952BF1C920A4F00FFDADD /* Products */;
			projectDirPath = "";
			projectRoot = "";
			targets = (
				970952BD1C920A4F00FFDADD /* GitHubRepoSearch */,
			);
		};
/* End PBXProject section */

/* Begin PBXResourcesBuildPhase section */
		970952BC1C920A4F00FFDADD /* Resources */ = {
			isa = PBXResourcesBuildPhase;
			buildActionMask = 2147483647;
			files = (
				970952D11C920A4F00FFDADD /* LaunchScreen.storyboard in Resources */,
				970952CE1C920A4F00FFDADD /* Assets.xcassets in Resources */,
				970952CC1C920A4F00FFDADD /* Main.storyboard in Resources */,
			);
			runOnlyForDeploymentPostprocessing = 0;
		};
/* End PBXResourcesBuildPhase section */

/* Begin PBXSourcesBuildPhase section */
		970952BA1C920A4F00FFDADD /* Sources */ = {
			isa = PBXSourcesBuildPhase;
			buildActionMask = 2147483647;
			files = (
				970952C91C920A4F00FFDADD /* ViewController.m in Sources */,
				971B59EB1C92783000BDBF49 /* WebViewController.m in Sources */,
				971B59EE1C927C0D00BDBF49 /* GitRepoCell.m in Sources */,
				970952C61C920A4F00FFDADD /* AppDelegate.m in Sources */,
				970723531C92E691002F74E9 /* LoginViewController.m in Sources */,
				971B59E81C92754A00BDBF49 /* GitRepoObject.m in Sources */,
				970952C31C920A4F00FFDADD /* main.m in Sources */,
			);
			runOnlyForDeploymentPostprocessing = 0;
		};
/* End PBXSourcesBuildPhase section */

/* Begin PBXVariantGroup section */
		970952CA1C920A4F00FFDADD /* Main.storyboard */ = {
			isa = PBXVariantGroup;
			children = (
				970952CB1C920A4F00FFDADD /* Base */,
			);
			name = Main.storyboard;
			sourceTree = "<group>";
		};
		970952CF1C920A4F00FFDADD /* LaunchScreen.storyboard */ = {
			isa = PBXVariantGroup;
			children = (
				970952D01C920A4F00FFDADD /* Base */,
			);
			name = LaunchScreen.storyboard;
			sourceTree = "<group>";
		};
/* End PBXVariantGroup section */

/* Begin XCBuildConfiguration section */
		970952D31C920A4F00FFDADD /* Debug */ = {
			isa = XCBuildConfiguration;
			buildSettings = {
				ALWAYS_SEARCH_USER_PATHS = NO;
				CLANG_CXX_LANGUAGE_STANDARD = "gnu++0x";
				CLANG_CXX_LIBRARY = "libc++";
				CLANG_ENABLE_MODULES = YES;
				CLANG_ENABLE_OBJC_ARC = YES;
				CLANG_WARN_BOOL_CONVERSION = YES;
				CLANG_WARN_CONSTANT_CONVERSION = YES;
				CLANG_WARN_DIRECT_OBJC_ISA_USAGE = YES_ERROR;
				CLANG_WARN_EMPTY_BODY = YES;
				CLANG_WARN_ENUM_CONVERSION = YES;
				CLANG_WARN_INT_CONVERSION = YES;
				CLANG_WARN_OBJC_ROOT_CLASS = YES_ERROR;
				CLANG_WARN_UNREACHABLE_CODE = YES;
				CLANG_WARN__DUPLICATE_METHOD_MATCH = YES;
				"CODE_SIGN_IDENTITY[sdk=iphoneos*]" = "iPhone Developer";
				COPY_PHASE_STRIP = NO;
				DEBUG_INFORMATION_FORMAT = dwarf;
				ENABLE_STRICT_OBJC_MSGSEND = YES;
				ENABLE_TESTABILITY = YES;
				GCC_C_LANGUAGE_STANDARD = gnu99;
				GCC_DYNAMIC_NO_PIC = NO;
				GCC_NO_COMMON_BLOCKS = YES;
				GCC_OPTIMIZATION_LEVEL = 0;
				GCC_PREPROCESSOR_DEFINITIONS = (
					"DEBUG=1",
					"$(inherited)",
				);
				GCC_WARN_64_TO_32_BIT_CONVERSION = YES;
				GCC_WARN_ABOUT_RETURN_TYPE = YES_ERROR;
				GCC_WARN_UNDECLARED_SELECTOR = YES;
				GCC_WARN_UNINITIALIZED_AUTOS = YES_AGGRESSIVE;
				GCC_WARN_UNUSED_FUNCTION = YES;
				GCC_WARN_UNUSED_VARIABLE = YES;
				IPHONEOS_DEPLOYMENT_TARGET = 9.1;
				MTL_ENABLE_DEBUG_INFO = YES;
				ONLY_ACTIVE_ARCH = YES;
				SDKROOT = iphoneos;
				TARGETED_DEVICE_FAMILY = "1,2";
			};
			name = Debug;
		};
		970952D41C920A4F00FFDADD /* Release */ = {
			isa = XCBuildConfiguration;
			buildSettings = {
				ALWAYS_SEARCH_USER_PATHS = NO;
				CLANG_CXX_LANGUAGE_STANDARD = "gnu++0x";
				CLANG_CXX_LIBRARY = "libc++";
				CLANG_ENABLE_MODULES = YES;
				CLANG_ENABLE_OBJC_ARC = YES;
				CLANG_WARN_BOOL_CONVERSION = YES;
				CLANG_WARN_CONSTANT_CONVERSION = YES;
				CLANG_WARN_DIRECT_OBJC_ISA_USAGE = YES_ERROR;
				CLANG_WARN_EMPTY_BODY = YES;
				CLANG_WARN_ENUM_CONVERSION = YES;
				CLANG_WARN_INT_CONVERSION = YES;
				CLANG_WARN_OBJC_ROOT_CLASS = YES_ERROR;
				CLANG_WARN_UNREACHABLE_CODE = YES;
				CLANG_WARN__DUPLICATE_METHOD_MATCH = YES;
				"CODE_SIGN_IDENTITY[sdk=iphoneos*]" = "iPhone Developer";
				COPY_PHASE_STRIP = NO;
				DEBUG_INFORMATION_FORMAT = "dwarf-with-dsym";
				ENABLE_NS_ASSERTIONS = NO;
				ENABLE_STRICT_OBJC_MSGSEND = YES;
				GCC_C_LANGUAGE_STANDARD = gnu99;
				GCC_NO_COMMON_BLOCKS = YES;
				GCC_WARN_64_TO_32_BIT_CONVERSION = YES;
				GCC_WARN_ABOUT_RETURN_TYPE = YES_ERROR;
				GCC_WARN_UNDECLARED_SELECTOR = YES;
				GCC_WARN_UNINITIALIZED_AUTOS = YES_AGGRESSIVE;
				GCC_WARN_UNUSED_FUNCTION = YES;
				GCC_WARN_UNUSED_VARIABLE = YES;
				IPHONEOS_DEPLOYMENT_TARGET = 9.1;
				MTL_ENABLE_DEBUG_INFO = NO;
				SDKROOT = iphoneos;
				TARGETED_DEVICE_FAMILY = "1,2";
				VALIDATE_PRODUCT = YES;
			};
			name = Release;
		};
		970952D61C920A4F00FFDADD /* Debug */ = {
			isa = XCBuildConfiguration;
			buildSettings = {
				ASSETCATALOG_COMPILER_APPICON_NAME = AppIcon;
				INFOPLIST_FILE = GitHubRepoSearch/Info.plist;
				LD_RUNPATH_SEARCH_PATHS = "$(inherited) @executable_path/Frameworks";
				PRODUCT_BUNDLE_IDENTIFIER = com.irfan.GitHubRepoSearch;
				PRODUCT_NAME = "$(TARGET_NAME)";
			};
			name = Debug;
		};
		970952D71C920A4F00FFDADD /* Release */ = {
			isa = XCBuildConfiguration;
			buildSettings = {
				ASSETCATALOG_COMPILER_APPICON_NAME = AppIcon;
				INFOPLIST_FILE = GitHubRepoSearch/Info.plist;
				LD_RUNPATH_SEARCH_PATHS = "$(inherited) @executable_path/Frameworks";
				PRODUCT_BUNDLE_IDENTIFIER = com.irfan.GitHubRepoSearch;
				PRODUCT_NAME = "$(TARGET_NAME)";
			};
			name = Release;
		};
/* End XCBuildConfiguration section */

/* Begin XCConfigurationList section */
		970952B91C920A4F00FFDADD /* Build configuration list for PBXProject "GitHubRepoSearch" */ = {
			isa = XCConfigurationList;
			buildConfigurations = (
				970952D31C920A4F00FFDADD /* Debug */,
				970952D41C920A4F00FFDADD /* Release */,
			);
			defaultConfigurationIsVisible = 0;
			defaultConfigurationName = Release;
		};
		970952D51C920A4F00FFDADD /* Build configuration list for PBXNativeTarget "GitHubRepoSearch" */ = {
			isa = XCConfigurationList;
			buildConfigurations = (
				970952D61C920A4F00FFDADD /* Debug */,
				970952D71C920A4F00FFDADD /* Release */,
			);
			defaultConfigurationIsVisible = 0;
			defaultConfigurationName = Release;
		};
/* End XCConfigurationList section */
	};
	rootObject = 970952B61C920A4F00FFDADD /* Project object */;
}
